// !$*UTF8*$!
{
	archiveVersion = 1;
	classes = {
	};
	objectVersion = 56;
	objects = {

/* Begin PBXBuildFile section */
		BAE9CC4C37655F0858857C6C /* Pods_FlashChat.framework in Frameworks */ = {isa = PBXBuildFile; fileRef = 41000113A8ACD8109812754E /* Pods_FlashChat.framework */; };
		E447C7942C90D96D00D5F6C5 /* AppDelegate.swift in Sources */ = {isa = PBXBuildFile; fileRef = E447C7932C90D96D00D5F6C5 /* AppDelegate.swift */; };
		E447C7962C90D96D00D5F6C5 /* SceneDelegate.swift in Sources */ = {isa = PBXBuildFile; fileRef = E447C7952C90D96D00D5F6C5 /* SceneDelegate.swift */; };
		E447C79B2C90D96D00D5F6C5 /* Base in Resources */ = {isa = PBXBuildFile; fileRef = E447C79A2C90D96D00D5F6C5 /* Base */; };
		E447C79D2C90D96E00D5F6C5 /* Assets.xcassets in Resources */ = {isa = PBXBuildFile; fileRef = E447C79C2C90D96E00D5F6C5 /* Assets.xcassets */; };
		E447C7A02C90D96E00D5F6C5 /* Base in Resources */ = {isa = PBXBuildFile; fileRef = E447C79F2C90D96E00D5F6C5 /* Base */; };
		E447C7B52C90DA2100D5F6C5 /* LoginViewController.swift in Sources */ = {isa = PBXBuildFile; fileRef = E447C7B32C90DA2100D5F6C5 /* LoginViewController.swift */; };
		E447C7B62C90DA2100D5F6C5 /* WelcomeViewController.swift in Sources */ = {isa = PBXBuildFile; fileRef = E447C7B42C90DA2100D5F6C5 /* WelcomeViewController.swift */; };
		E447C7B72C90DA2100D5F6C5 /* RegisterViewController.swift in Sources */ = {isa = PBXBuildFile; fileRef = E447C7B22C90DA2100D5F6C5 /* RegisterViewController.swift */; };
		E447C7B82C90DA2100D5F6C5 /* ChatViewController.swift in Sources */ = {isa = PBXBuildFile; fileRef = E447C7B12C90DA2100D5F6C5 /* ChatViewController.swift */; };
		E4ACB03E2C90F3C90003D9F9 /* GoogleService-Info.plist in Resources */ = {isa = PBXBuildFile; fileRef = E4ACB03D2C90F3C90003D9F9 /* GoogleService-Info.plist */; };
		E4ACB0452C938F920003D9F9 /* Constants.swift in Sources */ = {isa = PBXBuildFile; fileRef = E4ACB0442C938F920003D9F9 /* Constants.swift */; };
		E4ACB0472C9393230003D9F9 /* Message.swift in Sources */ = {isa = PBXBuildFile; fileRef = E4ACB0462C9393230003D9F9 /* Message.swift */; };
		E4ACB04B2C94B5F80003D9F9 /* MessageCell.swift in Sources */ = {isa = PBXBuildFile; fileRef = E4ACB0492C94B5F80003D9F9 /* MessageCell.swift */; };
		E4ACB04C2C94B5F80003D9F9 /* MessageCell.xib in Resources */ = {isa = PBXBuildFile; fileRef = E4ACB04A2C94B5F80003D9F9 /* MessageCell.xib */; };
/* End PBXBuildFile section */

/* Begin PBXFileReference section */
		41000113A8ACD8109812754E /* Pods_FlashChat.framework */ = {isa = PBXFileReference; explicitFileType = wrapper.framework; includeInIndex = 0; path = Pods_FlashChat.framework; sourceTree = BUILT_PRODUCTS_DIR; };
		9B4208F8353C085CF2FE2CD5 /* Pods-FlashChat.release.xcconfig */ = {isa = PBXFileReference; includeInIndex = 1; lastKnownFileType = text.xcconfig; name = "Pods-FlashChat.release.xcconfig"; path = "Target Support Files/Pods-FlashChat/Pods-FlashChat.release.xcconfig"; sourceTree = "<group>"; };
		C5B7C5860E52408013FBB861 /* Pods-FlashChat.debug.xcconfig */ = {isa = PBXFileReference; includeInIndex = 1; lastKnownFileType = text.xcconfig; name = "Pods-FlashChat.debug.xcconfig"; path = "Target Support Files/Pods-FlashChat/Pods-FlashChat.debug.xcconfig"; sourceTree = "<group>"; };
		E447C7902C90D96D00D5F6C5 /* FlashChat.app */ = {isa = PBXFileReference; explicitFileType = wrapper.application; includeInIndex = 0; path = FlashChat.app; sourceTree = BUILT_PRODUCTS_DIR; };
		E447C7932C90D96D00D5F6C5 /* AppDelegate.swift */ = {isa = PBXFileReference; lastKnownFileType = sourcecode.swift; path = AppDelegate.swift; sourceTree = "<group>"; };
		E447C7952C90D96D00D5F6C5 /* SceneDelegate.swift */ = {isa = PBXFileReference; lastKnownFileType = sourcecode.swift; path = SceneDelegate.swift; sourceTree = "<group>"; };
		E447C79A2C90D96D00D5F6C5 /* Base */ = {isa = PBXFileReference; lastKnownFileType = file.storyboard; name = Base; path = Base.lproj/Main.storyboard; sourceTree = "<group>"; };
		E447C79C2C90D96E00D5F6C5 /* Assets.xcassets */ = {isa = PBXFileReference; lastKnownFileType = folder.assetcatalog; path = Assets.xcassets; sourceTree = "<group>"; };
		E447C79F2C90D96E00D5F6C5 /* Base */ = {isa = PBXFileReference; lastKnownFileType = file.storyboard; name = Base; path = Base.lproj/LaunchScreen.storyboard; sourceTree = "<group>"; };
		E447C7A12C90D96E00D5F6C5 /* Info.plist */ = {isa = PBXFileReference; lastKnownFileType = text.plist.xml; path = Info.plist; sourceTree = "<group>"; };
		E447C7B12C90DA2100D5F6C5 /* ChatViewController.swift */ = {isa = PBXFileReference; lastKnownFileType = sourcecode.swift; path = ChatViewController.swift; sourceTree = "<group>"; };
		E447C7B22C90DA2100D5F6C5 /* RegisterViewController.swift */ = {isa = PBXFileReference; lastKnownFileType = sourcecode.swift; path = RegisterViewController.swift; sourceTree = "<group>"; };
		E447C7B32C90DA2100D5F6C5 /* LoginViewController.swift */ = {isa = PBXFileReference; lastKnownFileType = sourcecode.swift; path = LoginViewController.swift; sourceTree = "<group>"; };
		E447C7B42C90DA2100D5F6C5 /* WelcomeViewController.swift */ = {isa = PBXFileReference; lastKnownFileType = sourcecode.swift; path = WelcomeViewController.swift; sourceTree = "<group>"; };
		E4ACB03D2C90F3C90003D9F9 /* GoogleService-Info.plist */ = {isa = PBXFileReference; fileEncoding = 4; lastKnownFileType = text.plist.xml; path = "GoogleService-Info.plist"; sourceTree = "<group>"; };
		E4ACB0442C938F920003D9F9 /* Constants.swift */ = {isa = PBXFileReference; lastKnownFileType = sourcecode.swift; path = Constants.swift; sourceTree = "<group>"; };
		E4ACB0462C9393230003D9F9 /* Message.swift */ = {isa = PBXFileReference; lastKnownFileType = sourcecode.swift; path = Message.swift; sourceTree = "<group>"; };
		E4ACB0492C94B5F80003D9F9 /* MessageCell.swift */ = {isa = PBXFileReference; lastKnownFileType = sourcecode.swift; path = MessageCell.swift; sourceTree = "<group>"; };
		E4ACB04A2C94B5F80003D9F9 /* MessageCell.xib */ = {isa = PBXFileReference; lastKnownFileType = file.xib; path = MessageCell.xib; sourceTree = "<group>"; };
/* End PBXFileReference section */

/* Begin PBXFrameworksBuildPhase section */
		E447C78D2C90D96D00D5F6C5 /* Frameworks */ = {
			isa = PBXFrameworksBuildPhase;
			buildActionMask = 2147483647;
			files = (
				BAE9CC4C37655F0858857C6C /* Pods_FlashChat.framework in Frameworks */,
			);
			runOnlyForDeploymentPostprocessing = 0;
		};
/* End PBXFrameworksBuildPhase section */

/* Begin PBXGroup section */
		2B78F4CC956550693A2BAE99 /* Pods */ = {
			isa = PBXGroup;
			children = (
				C5B7C5860E52408013FBB861 /* Pods-FlashChat.debug.xcconfig */,
				9B4208F8353C085CF2FE2CD5 /* Pods-FlashChat.release.xcconfig */,
			);
			path = Pods;
			sourceTree = "<group>";
		};
		C180199C7BF0E404712B69A1 /* Frameworks */ = {
			isa = PBXGroup;
			children = (
				41000113A8ACD8109812754E /* Pods_FlashChat.framework */,
			);
			name = Frameworks;
			sourceTree = "<group>";
		};
		E447C7872C90D96D00D5F6C5 = {
			isa = PBXGroup;
			children = (
				E447C7922C90D96D00D5F6C5 /* FlashChat */,
				E447C7912C90D96D00D5F6C5 /* Products */,
				2B78F4CC956550693A2BAE99 /* Pods */,
				C180199C7BF0E404712B69A1 /* Frameworks */,
			);
			sourceTree = "<group>";
		};
		E447C7912C90D96D00D5F6C5 /* Products */ = {
			isa = PBXGroup;
			children = (
				E447C7902C90D96D00D5F6C5 /* FlashChat.app */,
			);
			name = Products;
			sourceTree = "<group>";
		};
		E447C7922C90D96D00D5F6C5 /* FlashChat */ = {
			isa = PBXGroup;
			children = (
				E447C7932C90D96D00D5F6C5 /* AppDelegate.swift */,
				E447C7952C90D96D00D5F6C5 /* SceneDelegate.swift */,
				E4ACB0482C9393280003D9F9 /* Models */,
				E447C7A82C90D9B300D5F6C5 /* Controllers */,
				E447C7A72C90D9A600D5F6C5 /* Views */,
				E447C79C2C90D96E00D5F6C5 /* Assets.xcassets */,
				E447C79E2C90D96E00D5F6C5 /* LaunchScreen.storyboard */,
				E447C7A12C90D96E00D5F6C5 /* Info.plist */,
				E4ACB03D2C90F3C90003D9F9 /* GoogleService-Info.plist */,
				E4ACB0442C938F920003D9F9 /* Constants.swift */,
			);
			path = FlashChat;
			sourceTree = "<group>";
		};
		E447C7A72C90D9A600D5F6C5 /* Views */ = {
			isa = PBXGroup;
			children = (
				E447C7992C90D96D00D5F6C5 /* Main.storyboard */,
				E4ACB0492C94B5F80003D9F9 /* MessageCell.swift */,
				E4ACB04A2C94B5F80003D9F9 /* MessageCell.xib */,
			);
			path = Views;
			sourceTree = "<group>";
		};
		E447C7A82C90D9B300D5F6C5 /* Controllers */ = {
			isa = PBXGroup;
			children = (
				E447C7B12C90DA2100D5F6C5 /* ChatViewController.swift */,
				E447C7B32C90DA2100D5F6C5 /* LoginViewController.swift */,
				E447C7B22C90DA2100D5F6C5 /* RegisterViewController.swift */,
				E447C7B42C90DA2100D5F6C5 /* WelcomeViewController.swift */,
			);
			path = Controllers;
			sourceTree = "<group>";
		};
		E4ACB0482C9393280003D9F9 /* Models */ = {
			isa = PBXGroup;
			children = (
				E4ACB0462C9393230003D9F9 /* Message.swift */,
			);
			path = Models;
			sourceTree = "<group>";
		};
/* End PBXGroup section */

/* Begin PBXNativeTarget section */
		E447C78F2C90D96D00D5F6C5 /* FlashChat */ = {
			isa = PBXNativeTarget;
			buildConfigurationList = E447C7A42C90D96E00D5F6C5 /* Build configuration list for PBXNativeTarget "FlashChat" */;
			buildPhases = (
				57A4D01DB70DA2B9A2FCF0BC /* [CP] Check Pods Manifest.lock */,
				E447C78C2C90D96D00D5F6C5 /* Sources */,
				E447C78D2C90D96D00D5F6C5 /* Frameworks */,
				E447C78E2C90D96D00D5F6C5 /* Resources */,
				47B259A989E2BE8C75F7FEFA /* [CP] Embed Pods Frameworks */,
			);
			buildRules = (
			);
			dependencies = (
			);
			name = FlashChat;
			productName = FlashChat;
			productReference = E447C7902C90D96D00D5F6C5 /* FlashChat.app */;
			productType = "com.apple.product-type.application";
		};
/* End PBXNativeTarget section */

/* Begin PBXProject section */
		E447C7882C90D96D00D5F6C5 /* Project object */ = {
			isa = PBXProject;
			attributes = {
				BuildIndependentTargetsInParallel = 1;
				LastSwiftUpdateCheck = 1540;
				LastUpgradeCheck = 1540;
				TargetAttributes = {
					E447C78F2C90D96D00D5F6C5 = {
						CreatedOnToolsVersion = 15.4;
					};
				};
			};
			buildConfigurationList = E447C78B2C90D96D00D5F6C5 /* Build configuration list for PBXProject "FlashChat" */;
			compatibilityVersion = "Xcode 14.0";
			developmentRegion = en;
			hasScannedForEncodings = 0;
			knownRegions = (
				en,
				Base,
			);
			mainGroup = E447C7872C90D96D00D5F6C5;
			productRefGroup = E447C7912C90D96D00D5F6C5 /* Products */;
			projectDirPath = "";
			projectRoot = "";
			targets = (
				E447C78F2C90D96D00D5F6C5 /* FlashChat */,
			);
		};
/* End PBXProject section */

/* Begin PBXResourcesBuildPhase section */
		E447C78E2C90D96D00D5F6C5 /* Resources */ = {
			isa = PBXResourcesBuildPhase;
			buildActionMask = 2147483647;
			files = (
				E4ACB04C2C94B5F80003D9F9 /* MessageCell.xib in Resources */,
				E447C79D2C90D96E00D5F6C5 /* Assets.xcassets in Resources */,
				E4ACB03E2C90F3C90003D9F9 /* GoogleService-Info.plist in Resources */,
				E447C7A02C90D96E00D5F6C5 /* Base in Resources */,
				E447C79B2C90D96D00D5F6C5 /* Base in Resources */,
			);
			runOnlyForDeploymentPostprocessing = 0;
		};
/* End PBXResourcesBuildPhase section */

/* Begin PBXShellScriptBuildPhase section */
		47B259A989E2BE8C75F7FEFA /* [CP] Embed Pods Frameworks */ = {
			isa = PBXShellScriptBuildPhase;
			buildActionMask = 2147483647;
			files = (
			);
			inputFileListPaths = (
				"${PODS_ROOT}/Target Support Files/Pods-FlashChat/Pods-FlashChat-frameworks-${CONFIGURATION}-input-files.xcfilelist",
			);
			name = "[CP] Embed Pods Frameworks";
			outputFileListPaths = (
				"${PODS_ROOT}/Target Support Files/Pods-FlashChat/Pods-FlashChat-frameworks-${CONFIGURATION}-output-files.xcfilelist",
			);
			runOnlyForDeploymentPostprocessing = 0;
			shellPath = /bin/sh;
			shellScript = "\"${PODS_ROOT}/Target Support Files/Pods-FlashChat/Pods-FlashChat-frameworks.sh\"\n";
			showEnvVarsInLog = 0;
		};
		57A4D01DB70DA2B9A2FCF0BC /* [CP] Check Pods Manifest.lock */ = {
			isa = PBXShellScriptBuildPhase;
			buildActionMask = 2147483647;
			files = (
			);
			inputFileListPaths = (
			);
			inputPaths = (
				"${PODS_PODFILE_DIR_PATH}/Podfile.lock",
				"${PODS_ROOT}/Manifest.lock",
			);
			name = "[CP] Check Pods Manifest.lock";
			outputFileListPaths = (
			);
			outputPaths = (
				"$(DERIVED_FILE_DIR)/Pods-FlashChat-checkManifestLockResult.txt",
			);
			runOnlyForDeploymentPostprocessing = 0;
			shellPath = /bin/sh;
			shellScript = "diff \"${PODS_PODFILE_DIR_PATH}/Podfile.lock\" \"${PODS_ROOT}/Manifest.lock\" > /dev/null\nif [ $? != 0 ] ; then\n    # print error to STDERR\n    echo \"error: The sandbox is not in sync with the Podfile.lock. Run 'pod install' or update your CocoaPods installation.\" >&2\n    exit 1\nfi\n# This output is used by Xcode 'outputs' to avoid re-running this script phase.\necho \"SUCCESS\" > \"${SCRIPT_OUTPUT_FILE_0}\"\n";
			showEnvVarsInLog = 0;
		};
/* End PBXShellScriptBuildPhase section */

/* Begin PBXSourcesBuildPhase section */
		E447C78C2C90D96D00D5F6C5 /* Sources */ = {
			isa = PBXSourcesBuildPhase;
			buildActionMask = 2147483647;
			files = (
				E447C7B62C90DA2100D5F6C5 /* WelcomeViewController.swift in Sources */,
				E447C7B72C90DA2100D5F6C5 /* RegisterViewController.swift in Sources */,
				E447C7B82C90DA2100D5F6C5 /* ChatViewController.swift in Sources */,
				E447C7942C90D96D00D5F6C5 /* AppDelegate.swift in Sources */,
				E4ACB0452C938F920003D9F9 /* Constants.swift in Sources */,
				E4ACB0472C9393230003D9F9 /* Message.swift in Sources */,
				E447C7B52C90DA2100D5F6C5 /* LoginViewController.swift in Sources */,
				E447C7962C90D96D00D5F6C5 /* SceneDelegate.swift in Sources */,
				E4ACB04B2C94B5F80003D9F9 /* MessageCell.swift in Sources */,
			);
			runOnlyForDeploymentPostprocessing = 0;
		};
/* End PBXSourcesBuildPhase section */

/* Begin PBXVariantGroup section */
		E447C7992C90D96D00D5F6C5 /* Main.storyboard */ = {
			isa = PBXVariantGroup;
			children = (
				E447C79A2C90D96D00D5F6C5 /* Base */,
			);
			name = Main.storyboard;
			sourceTree = "<group>";
		};
		E447C79E2C90D96E00D5F6C5 /* LaunchScreen.storyboard */ = {
			isa = PBXVariantGroup;
			children = (
				E447C79F2C90D96E00D5F6C5 /* Base */,
			);
			name = LaunchScreen.storyboard;
			sourceTree = "<group>";
		};
/* End PBXVariantGroup section */

/* Begin XCBuildConfiguration section */
		E447C7A22C90D96E00D5F6C5 /* Debug */ = {
			isa = XCBuildConfiguration;
			buildSettings = {
				ALWAYS_SEARCH_USER_PATHS = NO;
				ASSETCATALOG_COMPILER_GENERATE_SWIFT_ASSET_SYMBOL_EXTENSIONS = YES;
				CLANG_ANALYZER_NONNULL = YES;
				CLANG_ANALYZER_NUMBER_OBJECT_CONVERSION = YES_AGGRESSIVE;
				CLANG_CXX_LANGUAGE_STANDARD = "gnu++20";
				CLANG_ENABLE_MODULES = YES;
				CLANG_ENABLE_OBJC_ARC = YES;
				CLANG_ENABLE_OBJC_WEAK = YES;
				CLANG_WARN_BLOCK_CAPTURE_AUTORELEASING = YES;
				CLANG_WARN_BOOL_CONVERSION = YES;
				CLANG_WARN_COMMA = YES;
				CLANG_WARN_CONSTANT_CONVERSION = YES;
				CLANG_WARN_DEPRECATED_OBJC_IMPLEMENTATIONS = YES;
				CLANG_WARN_DIRECT_OBJC_ISA_USAGE = YES_ERROR;
				CLANG_WARN_DOCUMENTATION_COMMENTS = YES;
				CLANG_WARN_EMPTY_BODY = YES;
				CLANG_WARN_ENUM_CONVERSION = YES;
				CLANG_WARN_INFINITE_RECURSION = YES;
				CLANG_WARN_INT_CONVERSION = YES;
				CLANG_WARN_NON_LITERAL_NULL_CONVERSION = YES;
				CLANG_WARN_OBJC_IMPLICIT_RETAIN_SELF = YES;
				CLANG_WARN_OBJC_LITERAL_CONVERSION = YES;
				CLANG_WARN_OBJC_ROOT_CLASS = YES_ERROR;
				CLANG_WARN_QUOTED_INCLUDE_IN_FRAMEWORK_HEADER = YES;
				CLANG_WARN_RANGE_LOOP_ANALYSIS = YES;
				CLANG_WARN_STRICT_PROTOTYPES = YES;
				CLANG_WARN_SUSPICIOUS_MOVE = YES;
				CLANG_WARN_UNGUARDED_AVAILABILITY = YES_AGGRESSIVE;
				CLANG_WARN_UNREACHABLE_CODE = YES;
				CLANG_WARN__DUPLICATE_METHOD_MATCH = YES;
				COPY_PHASE_STRIP = NO;
				DEBUG_INFORMATION_FORMAT = dwarf;
				ENABLE_STRICT_OBJC_MSGSEND = YES;
				ENABLE_TESTABILITY = YES;
				ENABLE_USER_SCRIPT_SANDBOXING = NO;
				GCC_C_LANGUAGE_STANDARD = gnu17;
				GCC_DYNAMIC_NO_PIC = NO;
				GCC_NO_COMMON_BLOCKS = YES;
				GCC_OPTIMIZATION_LEVEL = 0;
				GCC_PREPROCESSOR_DEFINITIONS = (
					"DEBUG=1",
					"$(inherited)",
				);
				GCC_WARN_64_TO_32_BIT_CONVERSION = YES;
				GCC_WARN_ABOUT_RETURN_TYPE = YES_ERROR;
				GCC_WARN_UNDECLARED_SELECTOR = YES;
				GCC_WARN_UNINITIALIZED_AUTOS = YES_AGGRESSIVE;
				GCC_WARN_UNUSED_FUNCTION = YES;
				GCC_WARN_UNUSED_VARIABLE = YES;
				IPHONEOS_DEPLOYMENT_TARGET = 17.5;
				LOCALIZATION_PREFERS_STRING_CATALOGS = YES;
				MTL_ENABLE_DEBUG_INFO = INCLUDE_SOURCE;
				MTL_FAST_MATH = YES;
				ONLY_ACTIVE_ARCH = YES;
				SDKROOT = iphoneos;
				SWIFT_ACTIVE_COMPILATION_CONDITIONS = "DEBUG $(inherited)";
				SWIFT_OPTIMIZATION_LEVEL = "-Onone";
			};
			name = Debug;
		};
		E447C7A32C90D96E00D5F6C5 /* Release */ = {
			isa = XCBuildConfiguration;
			buildSettings = {
				ALWAYS_SEARCH_USER_PATHS = NO;
				ASSETCATALOG_COMPILER_GENERATE_SWIFT_ASSET_SYMBOL_EXTENSIONS = YES;
				CLANG_ANALYZER_NONNULL = YES;
				CLANG_ANALYZER_NUMBER_OBJECT_CONVERSION = YES_AGGRESSIVE;
				CLANG_CXX_LANGUAGE_STANDARD = "gnu++20";
				CLANG_ENABLE_MODULES = YES;
				CLANG_ENABLE_OBJC_ARC = YES;
				CLANG_ENABLE_OBJC_WEAK = YES;
				CLANG_WARN_BLOCK_CAPTURE_AUTORELEASING = YES;
				CLANG_WARN_BOOL_CONVERSION = YES;
				CLANG_WARN_COMMA = YES;
				CLANG_WARN_CONSTANT_CONVERSION = YES;
				CLANG_WARN_DEPRECATED_OBJC_IMPLEMENTATIONS = YES;
				CLANG_WARN_DIRECT_OBJC_ISA_USAGE = YES_ERROR;
				CLANG_WARN_DOCUMENTATION_COMMENTS = YES;
				CLANG_WARN_EMPTY_BODY = YES;
				CLANG_WARN_ENUM_CONVERSION = YES;
				CLANG_WARN_INFINITE_RECURSION = YES;
				CLANG_WARN_INT_CONVERSION = YES;
				CLANG_WARN_NON_LITERAL_NULL_CONVERSION = YES;
				CLANG_WARN_OBJC_IMPLICIT_RETAIN_SELF = YES;
				CLANG_WARN_OBJC_LITERAL_CONVERSION = YES;
				CLANG_WARN_OBJC_ROOT_CLASS = YES_ERROR;
				CLANG_WARN_QUOTED_INCLUDE_IN_FRAMEWORK_HEADER = YES;
				CLANG_WARN_RANGE_LOOP_ANALYSIS = YES;
				CLANG_WARN_STRICT_PROTOTYPES = YES;
				CLANG_WARN_SUSPICIOUS_MOVE = YES;
				CLANG_WARN_UNGUARDED_AVAILABILITY = YES_AGGRESSIVE;
				CLANG_WARN_UNREACHABLE_CODE = YES;
				CLANG_WARN__DUPLICATE_METHOD_MATCH = YES;
				COPY_PHASE_STRIP = NO;
				DEBUG_INFORMATION_FORMAT = "dwarf-with-dsym";
				ENABLE_NS_ASSERTIONS = NO;
				ENABLE_STRICT_OBJC_MSGSEND = YES;
				ENABLE_USER_SCRIPT_SANDBOXING = NO;
				GCC_C_LANGUAGE_STANDARD = gnu17;
				GCC_NO_COMMON_BLOCKS = YES;
				GCC_WARN_64_TO_32_BIT_CONVERSION = YES;
				GCC_WARN_ABOUT_RETURN_TYPE = YES_ERROR;
				GCC_WARN_UNDECLARED_SELECTOR = YES;
				GCC_WARN_UNINITIALIZED_AUTOS = YES_AGGRESSIVE;
				GCC_WARN_UNUSED_FUNCTION = YES;
				GCC_WARN_UNUSED_VARIABLE = YES;
				IPHONEOS_DEPLOYMENT_TARGET = 17.5;
				LOCALIZATION_PREFERS_STRING_CATALOGS = YES;
				MTL_ENABLE_DEBUG_INFO = NO;
				MTL_FAST_MATH = YES;
				SDKROOT = iphoneos;
				SWIFT_COMPILATION_MODE = wholemodule;
				VALIDATE_PRODUCT = YES;
			};
			name = Release;
		};
		E447C7A52C90D96E00D5F6C5 /* Debug */ = {
			isa = XCBuildConfiguration;
			baseConfigurationReference = C5B7C5860E52408013FBB861 /* Pods-FlashChat.debug.xcconfig */;
			buildSettings = {
				ASSETCATALOG_COMPILER_APPICON_NAME = AppIcon;
				ASSETCATALOG_COMPILER_GLOBAL_ACCENT_COLOR_NAME = AccentColor;
				CODE_SIGN_STYLE = Automatic;
				CURRENT_PROJECT_VERSION = 1;
				DEVELOPMENT_TEAM = Q7398BA2WQ;
				GENERATE_INFOPLIST_FILE = YES;
				INFOPLIST_FILE = FlashChat/Info.plist;
				INFOPLIST_KEY_UIApplicationSupportsIndirectInputEvents = YES;
				INFOPLIST_KEY_UILaunchStoryboardName = LaunchScreen;
				INFOPLIST_KEY_UIMainStoryboardFile = Main;
				INFOPLIST_KEY_UISupportedInterfaceOrientations_iPad = "UIInterfaceOrientationPortrait UIInterfaceOrientationPortraitUpsideDown UIInterfaceOrientationLandscapeLeft UIInterfaceOrientationLandscapeRight";
				INFOPLIST_KEY_UISupportedInterfaceOrientations_iPhone = "UIInterfaceOrientationPortrait UIInterfaceOrientationLandscapeLeft UIInterfaceOrientationLandscapeRight";
				LD_RUNPATH_SEARCH_PATHS = (
					"$(inherited)",
					"@executable_path/Frameworks",
				);
				MARKETING_VERSION = 1.0;
				PRODUCT_BUNDLE_IDENTIFIER = com.msmikeescom.FlashChat;
				PRODUCT_NAME = "$(TARGET_NAME)";
				SWIFT_EMIT_LOC_STRINGS = YES;
				SWIFT_VERSION = 5.0;
				TARGETED_DEVICE_FAMILY = "1,2";
			};
			name = Debug;
		};
		E447C7A62C90D96E00D5F6C5 /* Release */ = {
			isa = XCBuildConfiguration;
			baseConfigurationReference = 9B4208F8353C085CF2FE2CD5 /* Pods-FlashChat.release.xcconfig */;
			buildSettings = {
				ASSETCATALOG_COMPILER_APPICON_NAME = AppIcon;
				ASSETCATALOG_COMPILER_GLOBAL_ACCENT_COLOR_NAME = AccentColor;
				CODE_SIGN_STYLE = Automatic;
				CURRENT_PROJECT_VERSION = 1;
				DEVELOPMENT_TEAM = Q7398BA2WQ;
				GENERATE_INFOPLIST_FILE = YES;
				INFOPLIST_FILE = FlashChat/Info.plist;
				INFOPLIST_KEY_UIApplicationSupportsIndirectInputEvents = YES;
				INFOPLIST_KEY_UILaunchStoryboardName = LaunchScreen;
				INFOPLIST_KEY_UIMainStoryboardFile = Main;
				INFOPLIST_KEY_UISupportedInterfaceOrientations_iPad = "UIInterfaceOrientationPortrait UIInterfaceOrientationPortraitUpsideDown UIInterfaceOrientationLandscapeLeft UIInterfaceOrientationLandscapeRight";
				INFOPLIST_KEY_UISupportedInterfaceOrientations_iPhone = "UIInterfaceOrientationPortrait UIInterfaceOrientationLandscapeLeft UIInterfaceOrientationLandscapeRight";
				LD_RUNPATH_SEARCH_PATHS = (
					"$(inherited)",
					"@executable_path/Frameworks",
				);
				MARKETING_VERSION = 1.0;
				PRODUCT_BUNDLE_IDENTIFIER = com.msmikeescom.FlashChat;
				PRODUCT_NAME = "$(TARGET_NAME)";
				SWIFT_EMIT_LOC_STRINGS = YES;
				SWIFT_VERSION = 5.0;
				TARGETED_DEVICE_FAMILY = "1,2";
			};
			name = Release;
		};
/* End XCBuildConfiguration section */

/* Begin XCConfigurationList section */
		E447C78B2C90D96D00D5F6C5 /* Build configuration list for PBXProject "FlashChat" */ = {
			isa = XCConfigurationList;
			buildConfigurations = (
				E447C7A22C90D96E00D5F6C5 /* Debug */,
				E447C7A32C90D96E00D5F6C5 /* Release */,
			);
			defaultConfigurationIsVisible = 0;
			defaultConfigurationName = Release;
		};
		E447C7A42C90D96E00D5F6C5 /* Build configuration list for PBXNativeTarget "FlashChat" */ = {
			isa = XCConfigurationList;
			buildConfigurations = (
				E447C7A52C90D96E00D5F6C5 /* Debug */,
				E447C7A62C90D96E00D5F6C5 /* Release */,
			);
			defaultConfigurationIsVisible = 0;
			defaultConfigurationName = Release;
		};
/* End XCConfigurationList section */
	};
	rootObject = E447C7882C90D96D00D5F6C5 /* Project object */;
}
